
Microsoft Visual Studio Solution File, Format Version 12.00
# Visual Studio Version 17
VisualStudioVersion = 17.6.33829.357
MinimumVisualStudioVersion = 10.0.40219.1
Project("{FAE04EC0-301F-11D3-BF4B-00C04F79EFBC}") = "DAL", "DAL\DAL.csproj", "{5D9BE928-AF3D-4839-8CF6-5FC328CEED10}"
EndProject
Project("{FAE04EC0-301F-11D3-BF4B-00C04F79EFBC}") = "WebApp", "WebApp\WebApp.csproj", "{711C6540-E051-4AA0-806D-55BE3BE72D1F}"
EndProject
Global
	GlobalSection(SolutionConfigurationPlatforms) = preSolution
		Debug|Any CPU = Debug|Any CPU
		Release|Any CPU = Release|Any CPU
	EndGlobalSection
	GlobalSection(ProjectConfigurationPlatforms) = postSolution
		{5D9BE928-AF3D-4839-8CF6-5FC328CEED10}.Debug|Any CPU.ActiveCfg = Debug|Any CPU
		{5D9BE928-AF3D-4839-8CF6-5FC328CEED10}.Debug|Any CPU.Build.0 = Debug|Any CPU
		{5D9BE928-AF3D-4839-8CF6-5FC328CEED10}.Release|Any CPU.ActiveCfg = Release|Any CPU
		{5D9BE928-AF3D-4839-8CF6-5FC328CEED10}.Release|Any CPU.Build.0 = Release|Any CPU
		{711C6540-E051-4AA0-806D-55BE3BE72D1F}.Debug|Any CPU.ActiveCfg = Debug|Any CPU
		{711C6540-E051-4AA0-806D-55BE3BE72D1F}.Debug|Any CPU.Build.0 = Debug|Any CPU
		{711C6540-E051-4AA0-806D-55BE3BE72D1F}.Release|Any CPU.ActiveCfg = Release|Any CPU
		{711C6540-E051-4AA0-806D-55BE3BE72D1F}.Release|Any CPU.Build.0 = Release|Any CPU
	EndGlobalSection
	GlobalSection(SolutionProperties) = preSolution
		HideSolutionNode = FALSE
	EndGlobalSection
	GlobalSection(ExtensibilityGlobals) = postSolution
		SolutionGuid = {5D7A0924-C87F-4692-8AD0-C05EB7E0EEE1}
	EndGlobalSection
EndGlobal
